
Microsoft Visual Studio Solution File, Format Version 12.00
# Visual Studio Version 17
VisualStudioVersion = 17.4.33205.214
MinimumVisualStudioVersion = 10.0.40219.1
Project("{FAE04EC0-301F-11D3-BF4B-00C04F79EFBC}") = "MasterDetails", "MasterDetails\MasterDetails.csproj", "{8AC109B7-0F38-4F07-87DF-0F8D6A9856A8}"
EndProject
Global
	GlobalSection(SolutionConfigurationPlatforms) = preSolution
		Debug|Any CPU = Debug|Any CPU
		Release|Any CPU = Release|Any CPU
	EndGlobalSection
	GlobalSection(ProjectConfigurationPlatforms) = postSolution
		{8AC109B7-0F38-4F07-87DF-0F8D6A9856A8}.Debug|Any CPU.ActiveCfg = Debug|Any CPU
		{8AC109B7-0F38-4F07-87DF-0F8D6A9856A8}.Debug|Any CPU.Build.0 = Debug|Any CPU
		{8AC109B7-0F38-4F07-87DF-0F8D6A9856A8}.Release|Any CPU.ActiveCfg = Release|Any CPU
		{8AC109B7-0F38-4F07-87DF-0F8D6A9856A8}.Release|Any CPU.Build.0 = Release|Any CPU
	EndGlobalSection
	GlobalSection(SolutionProperties) = preSolution
		HideSolutionNode = FALSE
	EndGlobalSection
	GlobalSection(ExtensibilityGlobals) = postSolution
		SolutionGuid = {5D38C9F6-EE34-4AED-9034-B70D728501B8}
	EndGlobalSection
EndGlobal
